// !$*UTF8*$!
{
	archiveVersion = 1;
	classes = {
	};
	objectVersion = 50;
	objects = {

/* Begin PBXBuildFile section */
		10DB77462239C6CD00E4B2BF /* Banner.swift in Sources */ = {isa = PBXBuildFile; fileRef = 10DB77452239C6CD00E4B2BF /* Banner.swift */; };
		3A4C74D6A468BC1895B06BA8 /* Pods_Banner.framework in Frameworks */ = {isa = PBXBuildFile; fileRef = 57457BEF1DE7ADDCD97FA65C /* Pods_Banner.framework */; };
		8E7053562232F83500690299 /* AppDelegate.swift in Sources */ = {isa = PBXBuildFile; fileRef = 8E7053552232F83500690299 /* AppDelegate.swift */; };
		8E7053582232F83500690299 /* ViewController.swift in Sources */ = {isa = PBXBuildFile; fileRef = 8E7053572232F83500690299 /* ViewController.swift */; };
		8E70535B2232F83500690299 /* Main.storyboard in Resources */ = {isa = PBXBuildFile; fileRef = 8E7053592232F83500690299 /* Main.storyboard */; };
		8E70535D2232F83600690299 /* Assets.xcassets in Resources */ = {isa = PBXBuildFile; fileRef = 8E70535C2232F83600690299 /* Assets.xcassets */; };
		8E7053602232F83600690299 /* LaunchScreen.storyboard in Resources */ = {isa = PBXBuildFile; fileRef = 8E70535E2232F83600690299 /* LaunchScreen.storyboard */; };
		8E70536A2233409400690299 /* TabController.swift in Sources */ = {isa = PBXBuildFile; fileRef = 8E7053692233409400690299 /* TabController.swift */; };
		8E70536C22334BE100690299 /* V1.swift in Sources */ = {isa = PBXBuildFile; fileRef = 8E70536B22334BE100690299 /* V1.swift */; };
		8E70536E22334BE700690299 /* V2.swift in Sources */ = {isa = PBXBuildFile; fileRef = 8E70536D22334BE700690299 /* V2.swift */; };
		8E979E56223826D9003A5D3C /* BannerViewController.swift in Sources */ = {isa = PBXBuildFile; fileRef = 8E979E55223826D9003A5D3C /* BannerViewController.swift */; };
/* End PBXBuildFile section */

/* Begin PBXFileReference section */
		10DB77452239C6CD00E4B2BF /* Banner.swift */ = {isa = PBXFileReference; lastKnownFileType = sourcecode.swift; path = Banner.swift; sourceTree = "<group>"; };
		57457BEF1DE7ADDCD97FA65C /* Pods_Banner.framework */ = {isa = PBXFileReference; explicitFileType = wrapper.framework; includeInIndex = 0; path = Pods_Banner.framework; sourceTree = BUILT_PRODUCTS_DIR; };
		78450815D23CBAC6D14987F9 /* Pods-Banner.release.xcconfig */ = {isa = PBXFileReference; includeInIndex = 1; lastKnownFileType = text.xcconfig; name = "Pods-Banner.release.xcconfig"; path = "Pods/Target Support Files/Pods-Banner/Pods-Banner.release.xcconfig"; sourceTree = "<group>"; };
		8E7053522232F83500690299 /* Banner.app */ = {isa = PBXFileReference; explicitFileType = wrapper.application; includeInIndex = 0; path = Banner.app; sourceTree = BUILT_PRODUCTS_DIR; };
		8E7053552232F83500690299 /* AppDelegate.swift */ = {isa = PBXFileReference; lastKnownFileType = sourcecode.swift; path = AppDelegate.swift; sourceTree = "<group>"; };
		8E7053572232F83500690299 /* ViewController.swift */ = {isa = PBXFileReference; lastKnownFileType = sourcecode.swift; path = ViewController.swift; sourceTree = "<group>"; };
		8E70535A2232F83500690299 /* Base */ = {isa = PBXFileReference; lastKnownFileType = file.storyboard; name = Base; path = Base.lproj/Main.storyboard; sourceTree = "<group>"; };
		8E70535C2232F83600690299 /* Assets.xcassets */ = {isa = PBXFileReference; lastKnownFileType = folder.assetcatalog; path = Assets.xcassets; sourceTree = "<group>"; };
		8E70535F2232F83600690299 /* Base */ = {isa = PBXFileReference; lastKnownFileType = file.storyboard; name = Base; path = Base.lproj/LaunchScreen.storyboard; sourceTree = "<group>"; };
		8E7053612232F83600690299 /* Info.plist */ = {isa = PBXFileReference; lastKnownFileType = text.plist.xml; path = Info.plist; sourceTree = "<group>"; };
		8E7053672232FADA00690299 /* Banner-old.swift */ = {isa = PBXFileReference; lastKnownFileType = sourcecode.swift; path = "Banner-old.swift"; sourceTree = "<group>"; };
		8E7053692233409400690299 /* TabController.swift */ = {isa = PBXFileReference; lastKnownFileType = sourcecode.swift; path = TabController.swift; sourceTree = "<group>"; };
		8E70536B22334BE100690299 /* V1.swift */ = {isa = PBXFileReference; lastKnownFileType = sourcecode.swift; path = V1.swift; sourceTree = "<group>"; };
		8E70536D22334BE700690299 /* V2.swift */ = {isa = PBXFileReference; lastKnownFileType = sourcecode.swift; path = V2.swift; sourceTree = "<group>"; };
		8E979E55223826D9003A5D3C /* BannerViewController.swift */ = {isa = PBXFileReference; lastKnownFileType = sourcecode.swift; path = BannerViewController.swift; sourceTree = "<group>"; };
		F618945286E9648DC914B1D6 /* Pods-Banner.debug.xcconfig */ = {isa = PBXFileReference; includeInIndex = 1; lastKnownFileType = text.xcconfig; name = "Pods-Banner.debug.xcconfig"; path = "Pods/Target Support Files/Pods-Banner/Pods-Banner.debug.xcconfig"; sourceTree = "<group>"; };
/* End PBXFileReference section */

/* Begin PBXFrameworksBuildPhase section */
		8E70534F2232F83500690299 /* Frameworks */ = {
			isa = PBXFrameworksBuildPhase;
			buildActionMask = 2147483647;
			files = (
				3A4C74D6A468BC1895B06BA8 /* Pods_Banner.framework in Frameworks */,
			);
			runOnlyForDeploymentPostprocessing = 0;
		};
/* End PBXFrameworksBuildPhase section */

/* Begin PBXGroup section */
		4001B20844CD0442DA6F50E3 /* Frameworks */ = {
			isa = PBXGroup;
			children = (
				57457BEF1DE7ADDCD97FA65C /* Pods_Banner.framework */,
			);
			name = Frameworks;
			sourceTree = "<group>";
		};
		6E489A78AF590FF9C7178A32 /* Pods */ = {
			isa = PBXGroup;
			children = (
				F618945286E9648DC914B1D6 /* Pods-Banner.debug.xcconfig */,
				78450815D23CBAC6D14987F9 /* Pods-Banner.release.xcconfig */,
			);
			name = Pods;
			sourceTree = "<group>";
		};
		8E7053492232F83500690299 = {
			isa = PBXGroup;
			children = (
				8E7053542232F83500690299 /* Banner */,
				8E7053532232F83500690299 /* Products */,
				6E489A78AF590FF9C7178A32 /* Pods */,
				4001B20844CD0442DA6F50E3 /* Frameworks */,
			);
			sourceTree = "<group>";
		};
		8E7053532232F83500690299 /* Products */ = {
			isa = PBXGroup;
			children = (
				8E7053522232F83500690299 /* Banner.app */,
			);
			name = Products;
			sourceTree = "<group>";
		};
		8E7053542232F83500690299 /* Banner */ = {
			isa = PBXGroup;
			children = (
				8E7053552232F83500690299 /* AppDelegate.swift */,
				8E7053572232F83500690299 /* ViewController.swift */,
				8E7053692233409400690299 /* TabController.swift */,
				8E70536B22334BE100690299 /* V1.swift */,
				8E70536D22334BE700690299 /* V2.swift */,
				8E7053672232FADA00690299 /* Banner-old.swift */,
				10DB77452239C6CD00E4B2BF /* Banner.swift */,
				8E979E55223826D9003A5D3C /* BannerViewController.swift */,
				8E7053592232F83500690299 /* Main.storyboard */,
				8E70535C2232F83600690299 /* Assets.xcassets */,
				8E70535E2232F83600690299 /* LaunchScreen.storyboard */,
				8E7053612232F83600690299 /* Info.plist */,
			);
			path = Banner;
			sourceTree = "<group>";
		};
/* End PBXGroup section */

/* Begin PBXNativeTarget section */
		8E7053512232F83500690299 /* Banner */ = {
			isa = PBXNativeTarget;
			buildConfigurationList = 8E7053642232F83600690299 /* Build configuration list for PBXNativeTarget "Banner" */;
			buildPhases = (
				02232C4B8C41FC3FBC5F5BB3 /* [CP] Check Pods Manifest.lock */,
				8E70534E2232F83500690299 /* Sources */,
				8E70534F2232F83500690299 /* Frameworks */,
				8E7053502232F83500690299 /* Resources */,
				B9E324761C36C63549C0C6EB /* [CP] Embed Pods Frameworks */,
				92827656E233CE6422181668 /* [CP] Copy Pods Resources */,
			);
			buildRules = (
			);
			dependencies = (
			);
			name = Banner;
			productName = Banner;
			productReference = 8E7053522232F83500690299 /* Banner.app */;
			productType = "com.apple.product-type.application";
		};
/* End PBXNativeTarget section */

/* Begin PBXProject section */
		8E70534A2232F83500690299 /* Project object */ = {
			isa = PBXProject;
			attributes = {
				LastSwiftUpdateCheck = 1010;
				LastUpgradeCheck = 1010;
				ORGANIZATIONNAME = "Yi Tong";
				TargetAttributes = {
					8E7053512232F83500690299 = {
						CreatedOnToolsVersion = 10.1;
					};
				};
			};
			buildConfigurationList = 8E70534D2232F83500690299 /* Build configuration list for PBXProject "Banner" */;
			compatibilityVersion = "Xcode 9.3";
			developmentRegion = en;
			hasScannedForEncodings = 0;
			knownRegions = (
				en,
				Base,
			);
			mainGroup = 8E7053492232F83500690299;
			productRefGroup = 8E7053532232F83500690299 /* Products */;
			projectDirPath = "";
			projectRoot = "";
			targets = (
				8E7053512232F83500690299 /* Banner */,
			);
		};
/* End PBXProject section */

/* Begin PBXResourcesBuildPhase section */
		8E7053502232F83500690299 /* Resources */ = {
			isa = PBXResourcesBuildPhase;
			buildActionMask = 2147483647;
			files = (
				8E7053602232F83600690299 /* LaunchScreen.storyboard in Resources */,
				8E70535D2232F83600690299 /* Assets.xcassets in Resources */,
				8E70535B2232F83500690299 /* Main.storyboard in Resources */,
			);
			runOnlyForDeploymentPostprocessing = 0;
		};
/* End PBXResourcesBuildPhase section */

/* Begin PBXShellScriptBuildPhase section */
		02232C4B8C41FC3FBC5F5BB3 /* [CP] Check Pods Manifest.lock */ = {
			isa = PBXShellScriptBuildPhase;
			buildActionMask = 2147483647;
			files = (
			);
			inputFileListPaths = (
			);
			inputPaths = (
				"${PODS_PODFILE_DIR_PATH}/Podfile.lock",
				"${PODS_ROOT}/Manifest.lock",
			);
			name = "[CP] Check Pods Manifest.lock";
			outputFileListPaths = (
			);
			outputPaths = (
				"$(DERIVED_FILE_DIR)/Pods-Banner-checkManifestLockResult.txt",
			);
			runOnlyForDeploymentPostprocessing = 0;
			shellPath = /bin/sh;
			shellScript = "diff \"${PODS_PODFILE_DIR_PATH}/Podfile.lock\" \"${PODS_ROOT}/Manifest.lock\" > /dev/null\nif [ $? != 0 ] ; then\n    # print error to STDERR\n    echo \"error: The sandbox is not in sync with the Podfile.lock. Run 'pod install' or update your CocoaPods installation.\" >&2\n    exit 1\nfi\n# This output is used by Xcode 'outputs' to avoid re-running this script phase.\necho \"SUCCESS\" > \"${SCRIPT_OUTPUT_FILE_0}\"\n";
			showEnvVarsInLog = 0;
		};
		92827656E233CE6422181668 /* [CP] Copy Pods Resources */ = {
			isa = PBXShellScriptBuildPhase;
			buildActionMask = 2147483647;
			files = (
			);
			inputFileListPaths = (
			);
			inputPaths = (
			);
			name = "[CP] Copy Pods Resources";
			outputFileListPaths = (
			);
			outputPaths = (
			);
			runOnlyForDeploymentPostprocessing = 0;
			shellPath = /bin/sh;
			shellScript = "\"${SRCROOT}/Pods/Target Support Files/Pods-Banner/Pods-Banner-resources.sh\"\n";
			showEnvVarsInLog = 0;
		};
		B9E324761C36C63549C0C6EB /* [CP] Embed Pods Frameworks */ = {
			isa = PBXShellScriptBuildPhase;
			buildActionMask = 2147483647;
			files = (
			);
			inputFileListPaths = (
			);
			inputPaths = (
				"${SRCROOT}/Pods/Target Support Files/Pods-Banner/Pods-Banner-frameworks.sh",
				"${BUILT_PRODUCTS_DIR}/SnapKit/SnapKit.framework",
			);
			name = "[CP] Embed Pods Frameworks";
			outputFileListPaths = (
			);
			outputPaths = (
				"${TARGET_BUILD_DIR}/${FRAMEWORKS_FOLDER_PATH}/SnapKit.framework",
			);
			runOnlyForDeploymentPostprocessing = 0;
			shellPath = /bin/sh;
			shellScript = "\"${SRCROOT}/Pods/Target Support Files/Pods-Banner/Pods-Banner-frameworks.sh\"\n";
			showEnvVarsInLog = 0;
		};
/* End PBXShellScriptBuildPhase section */

/* Begin PBXSourcesBuildPhase section */
		8E70534E2232F83500690299 /* Sources */ = {
			isa = PBXSourcesBuildPhase;
			buildActionMask = 2147483647;
			files = (
				8E7053582232F83500690299 /* ViewController.swift in Sources */,
				8E70536A2233409400690299 /* TabController.swift in Sources */,
				8E7053562232F83500690299 /* AppDelegate.swift in Sources */,
				8E70536C22334BE100690299 /* V1.swift in Sources */,
				10DB77462239C6CD00E4B2BF /* Banner.swift in Sources */,
				8E70536E22334BE700690299 /* V2.swift in Sources */,
				8E979E56223826D9003A5D3C /* BannerViewController.swift in Sources */,
			);
			runOnlyForDeploymentPostprocessing = 0;
		};
/* End PBXSourcesBuildPhase section */

/* Begin PBXVariantGroup section */
		8E7053592232F83500690299 /* Main.storyboard */ = {
			isa = PBXVariantGroup;
			children = (
				8E70535A2232F83500690299 /* Base */,
			);
			name = Main.storyboard;
			sourceTree = "<group>";
		};
		8E70535E2232F83600690299 /* LaunchScreen.storyboard */ = {
			isa = PBXVariantGroup;
			children = (
				8E70535F2232F83600690299 /* Base */,
			);
			name = LaunchScreen.storyboard;
			sourceTree = "<group>";
		};
/* End PBXVariantGroup section */

/* Begin XCBuildConfiguration section */
		8E7053622232F83600690299 /* Debug */ = {
			isa = XCBuildConfiguration;
			buildSettings = {
				ALWAYS_SEARCH_USER_PATHS = NO;
				CLANG_ANALYZER_NONNULL = YES;
				CLANG_ANALYZER_NUMBER_OBJECT_CONVERSION = YES_AGGRESSIVE;
				CLANG_CXX_LANGUAGE_STANDARD = "gnu++14";
				CLANG_CXX_LIBRARY = "libc++";
				CLANG_ENABLE_MODULES = YES;
				CLANG_ENABLE_OBJC_ARC = YES;
				CLANG_ENABLE_OBJC_WEAK = YES;
				CLANG_WARN_BLOCK_CAPTURE_AUTORELEASING = YES;
				CLANG_WARN_BOOL_CONVERSION = YES;
				CLANG_WARN_COMMA = YES;
				CLANG_WARN_CONSTANT_CONVERSION = YES;
				CLANG_WARN_DEPRECATED_OBJC_IMPLEMENTATIONS = YES;
				CLANG_WARN_DIRECT_OBJC_ISA_USAGE = YES_ERROR;
				CLANG_WARN_DOCUMENTATION_COMMENTS = YES;
				CLANG_WARN_EMPTY_BODY = YES;
				CLANG_WARN_ENUM_CONVERSION = YES;
				CLANG_WARN_INFINITE_RECURSION = YES;
				CLANG_WARN_INT_CONVERSION = YES;
				CLANG_WARN_NON_LITERAL_NULL_CONVERSION = YES;
				CLANG_WARN_OBJC_IMPLICIT_RETAIN_SELF = YES;
				CLANG_WARN_OBJC_LITERAL_CONVERSION = YES;
				CLANG_WARN_OBJC_ROOT_CLASS = YES_ERROR;
				CLANG_WARN_RANGE_LOOP_ANALYSIS = YES;
				CLANG_WARN_STRICT_PROTOTYPES = YES;
				CLANG_WARN_SUSPICIOUS_MOVE = YES;
				CLANG_WARN_UNGUARDED_AVAILABILITY = YES_AGGRESSIVE;
				CLANG_WARN_UNREACHABLE_CODE = YES;
				CLANG_WARN__DUPLICATE_METHOD_MATCH = YES;
				CODE_SIGN_IDENTITY = "iPhone Developer";
				COPY_PHASE_STRIP = NO;
				DEBUG_INFORMATION_FORMAT = dwarf;
				ENABLE_STRICT_OBJC_MSGSEND = YES;
				ENABLE_TESTABILITY = YES;
				GCC_C_LANGUAGE_STANDARD = gnu11;
				GCC_DYNAMIC_NO_PIC = NO;
				GCC_NO_COMMON_BLOCKS = YES;
				GCC_OPTIMIZATION_LEVEL = 0;
				GCC_PREPROCESSOR_DEFINITIONS = (
					"DEBUG=1",
					"$(inherited)",
				);
				GCC_WARN_64_TO_32_BIT_CONVERSION = YES;
				GCC_WARN_ABOUT_RETURN_TYPE = YES_ERROR;
				GCC_WARN_UNDECLARED_SELECTOR = YES;
				GCC_WARN_UNINITIALIZED_AUTOS = YES_AGGRESSIVE;
				GCC_WARN_UNUSED_FUNCTION = YES;
				GCC_WARN_UNUSED_VARIABLE = YES;
				IPHONEOS_DEPLOYMENT_TARGET = 12.1;
				MTL_ENABLE_DEBUG_INFO = INCLUDE_SOURCE;
				MTL_FAST_MATH = YES;
				ONLY_ACTIVE_ARCH = YES;
				SDKROOT = iphoneos;
				SWIFT_ACTIVE_COMPILATION_CONDITIONS = DEBUG;
				SWIFT_OPTIMIZATION_LEVEL = "-Onone";
			};
			name = Debug;
		};
		8E7053632232F83600690299 /* Release */ = {
			isa = XCBuildConfiguration;
			buildSettings = {
				ALWAYS_SEARCH_USER_PATHS = NO;
				CLANG_ANALYZER_NONNULL = YES;
				CLANG_ANALYZER_NUMBER_OBJECT_CONVERSION = YES_AGGRESSIVE;
				CLANG_CXX_LANGUAGE_STANDARD = "gnu++14";
				CLANG_CXX_LIBRARY = "libc++";
				CLANG_ENABLE_MODULES = YES;
				CLANG_ENABLE_OBJC_ARC = YES;
				CLANG_ENABLE_OBJC_WEAK = YES;
				CLANG_WARN_BLOCK_CAPTURE_AUTORELEASING = YES;
				CLANG_WARN_BOOL_CONVERSION = YES;
				CLANG_WARN_COMMA = YES;
				CLANG_WARN_CONSTANT_CONVERSION = YES;
				CLANG_WARN_DEPRECATED_OBJC_IMPLEMENTATIONS = YES;
				CLANG_WARN_DIRECT_OBJC_ISA_USAGE = YES_ERROR;
				CLANG_WARN_DOCUMENTATION_COMMENTS = YES;
				CLANG_WARN_EMPTY_BODY = YES;
				CLANG_WARN_ENUM_CONVERSION = YES;
				CLANG_WARN_INFINITE_RECURSION = YES;
				CLANG_WARN_INT_CONVERSION = YES;
				CLANG_WARN_NON_LITERAL_NULL_CONVERSION = YES;
				CLANG_WARN_OBJC_IMPLICIT_RETAIN_SELF = YES;
				CLANG_WARN_OBJC_LITERAL_CONVERSION = YES;
				CLANG_WARN_OBJC_ROOT_CLASS = YES_ERROR;
				CLANG_WARN_RANGE_LOOP_ANALYSIS = YES;
				CLANG_WARN_STRICT_PROTOTYPES = YES;
				CLANG_WARN_SUSPICIOUS_MOVE = YES;
				CLANG_WARN_UNGUARDED_AVAILABILITY = YES_AGGRESSIVE;
				CLANG_WARN_UNREACHABLE_CODE = YES;
				CLANG_WARN__DUPLICATE_METHOD_MATCH = YES;
				CODE_SIGN_IDENTITY = "iPhone Developer";
				COPY_PHASE_STRIP = NO;
				DEBUG_INFORMATION_FORMAT = "dwarf-with-dsym";
				ENABLE_NS_ASSERTIONS = NO;
				ENABLE_STRICT_OBJC_MSGSEND = YES;
				GCC_C_LANGUAGE_STANDARD = gnu11;
				GCC_NO_COMMON_BLOCKS = YES;
				GCC_WARN_64_TO_32_BIT_CONVERSION = YES;
				GCC_WARN_ABOUT_RETURN_TYPE = YES_ERROR;
				GCC_WARN_UNDECLARED_SELECTOR = YES;
				GCC_WARN_UNINITIALIZED_AUTOS = YES_AGGRESSIVE;
				GCC_WARN_UNUSED_FUNCTION = YES;
				GCC_WARN_UNUSED_VARIABLE = YES;
				IPHONEOS_DEPLOYMENT_TARGET = 12.1;
				MTL_ENABLE_DEBUG_INFO = NO;
				MTL_FAST_MATH = YES;
				SDKROOT = iphoneos;
				SWIFT_COMPILATION_MODE = wholemodule;
				SWIFT_OPTIMIZATION_LEVEL = "-O";
				VALIDATE_PRODUCT = YES;
			};
			name = Release;
		};
		8E7053652232F83600690299 /* Debug */ = {
			isa = XCBuildConfiguration;
			baseConfigurationReference = F618945286E9648DC914B1D6 /* Pods-Banner.debug.xcconfig */;
			buildSettings = {
				ASSETCATALOG_COMPILER_APPICON_NAME = AppIcon;
				CODE_SIGN_STYLE = Automatic;
				DEVELOPMENT_TEAM = DKH5D278T8;
				INFOPLIST_FILE = Banner/Info.plist;
				IPHONEOS_DEPLOYMENT_TARGET = 11.1;
				LD_RUNPATH_SEARCH_PATHS = (
					"$(inherited)",
					"@executable_path/Frameworks",
				);
				PRODUCT_BUNDLE_IDENTIFIER = com.werur.Banner;
				PRODUCT_NAME = "$(TARGET_NAME)";
				SWIFT_VERSION = 4.2;
				TARGETED_DEVICE_FAMILY = "1,2";
			};
			name = Debug;
		};
		8E7053662232F83600690299 /* Release */ = {
			isa = XCBuildConfiguration;
			baseConfigurationReference = 78450815D23CBAC6D14987F9 /* Pods-Banner.release.xcconfig */;
			buildSettings = {
				ASSETCATALOG_COMPILER_APPICON_NAME = AppIcon;
				CODE_SIGN_STYLE = Automatic;
				DEVELOPMENT_TEAM = DKH5D278T8;
				INFOPLIST_FILE = Banner/Info.plist;
				IPHONEOS_DEPLOYMENT_TARGET = 11.1;
				LD_RUNPATH_SEARCH_PATHS = (
					"$(inherited)",
					"@executable_path/Frameworks",
				);
				PRODUCT_BUNDLE_IDENTIFIER = com.werur.Banner;
				PRODUCT_NAME = "$(TARGET_NAME)";
				SWIFT_VERSION = 4.2;
				TARGETED_DEVICE_FAMILY = "1,2";
			};
			name = Release;
		};
/* End XCBuildConfiguration section */

/* Begin XCConfigurationList section */
		8E70534D2232F83500690299 /* Build configuration list for PBXProject "Banner" */ = {
			isa = XCConfigurationList;
			buildConfigurations = (
				8E7053622232F83600690299 /* Debug */,
				8E7053632232F83600690299 /* Release */,
			);
			defaultConfigurationIsVisible = 0;
			defaultConfigurationName = Release;
		};
		8E7053642232F83600690299 /* Build configuration list for PBXNativeTarget "Banner" */ = {
			isa = XCConfigurationList;
			buildConfigurations = (
				8E7053652232F83600690299 /* Debug */,
				8E7053662232F83600690299 /* Release */,
			);
			defaultConfigurationIsVisible = 0;
			defaultConfigurationName = Release;
		};
/* End XCConfigurationList section */
	};
	rootObject = 8E70534A2232F83500690299 /* Project object */;
}
